
Microsoft Visual Studio Solution File, Format Version 12.00
# Visual Studio Version 17
VisualStudioVersion = 17.8.34330.188
MinimumVisualStudioVersion = 10.0.40219.1
Project("{FAE04EC0-301F-11D3-BF4B-00C04F79EFBC}") = "Collection_Handset_City", "Collection_Handset_City\Collection_Handset_City.csproj", "{210BA5E1-531F-496B-A5E3-42EA93B6C9BE}"
EndProject
Global
	GlobalSection(SolutionConfigurationPlatforms) = preSolution
		Debug|Any CPU = Debug|Any CPU
		Release|Any CPU = Release|Any CPU
	EndGlobalSection
	GlobalSection(ProjectConfigurationPlatforms) = postSolution
		{210BA5E1-531F-496B-A5E3-42EA93B6C9BE}.Debug|Any CPU.ActiveCfg = Debug|Any CPU
		{210BA5E1-531F-496B-A5E3-42EA93B6C9BE}.Debug|Any CPU.Build.0 = Debug|Any CPU
		{210BA5E1-531F-496B-A5E3-42EA93B6C9BE}.Release|Any CPU.ActiveCfg = Release|Any CPU
		{210BA5E1-531F-496B-A5E3-42EA93B6C9BE}.Release|Any CPU.Build.0 = Release|Any CPU
	EndGlobalSection
	GlobalSection(SolutionProperties) = preSolution
		HideSolutionNode = FALSE
	EndGlobalSection
	GlobalSection(ExtensibilityGlobals) = postSolution
		SolutionGuid = {7480301B-04B0-497C-A2C2-835EC3DAD09C}
	EndGlobalSection
EndGlobal
